
Microsoft Visual Studio Solution File, Format Version 12.00
# Visual Studio Version 17
VisualStudioVersion = 17.12.35527.113
MinimumVisualStudioVersion = 10.0.40219.1
Project("{2150E333-8FDC-42A3-9474-1A3956D46DE8}") = "Solution Items", "Solution Items", "{DD2DBDCB-E046-414B-9D55-AFB96CA67217}"
	ProjectSection(SolutionItems) = preProject
		.gitignore = .gitignore
		Build\Build.Configuration.cs = Build\Build.Configuration.cs
		Changelog.md = Changelog.md
		Readme.md = Readme.md
	EndProjectSection
EndProject
Project("{FAE04EC0-301F-11D3-BF4B-00C04F79EFBC}") = "Build", "build\Build.csproj", "{61DB4874-0E81-4C04-8A96-C2903126DDAB}"
EndProject
Project("{FAE04EC0-301F-11D3-BF4B-00C04F79EFBC}") = "Installer", "install\Installer.csproj", "{DBDEAF22-8549-4B24-990F-2885902E4676}"
EndProject
Project("{FAE04EC0-301F-11D3-BF4B-00C04F79EFBC}") = "Application", "source\Application\Application.csproj", "{E0915DBF-C34F-45CE-B550-D760F4501023}"
EndProject
Project("{FAE04EC0-301F-11D3-BF4B-00C04F79EFBC}") = "Module_1", "source\Module_1\Module_1.csproj", "{6AF1CD42-4C21-4840-9582-899EEA435CE1}"
EndProject
Project("{FAE04EC0-301F-11D3-BF4B-00C04F79EFBC}") = "Module_2", "source\Module_2\Module_2.csproj", "{434144DA-D7A4-4499-9D8B-BF24AD9FEFFF}"
EndProject
Global
	GlobalSection(SolutionConfigurationPlatforms) = preSolution
		Debug R20|Any CPU = Debug R20|Any CPU
		Debug R21|Any CPU = Debug R21|Any CPU
		Debug R22|Any CPU = Debug R22|Any CPU
		Debug R23|Any CPU = Debug R23|Any CPU
		Debug R24|Any CPU = Debug R24|Any CPU
		Debug R25|Any CPU = Debug R25|Any CPU
		Debug|Any CPU = Debug|Any CPU
		Installer|Any CPU = Installer|Any CPU
		Release R20|Any CPU = Release R20|Any CPU
		Release R21|Any CPU = Release R21|Any CPU
		Release R22|Any CPU = Release R22|Any CPU
		Release R23|Any CPU = Release R23|Any CPU
		Release R24|Any CPU = Release R24|Any CPU
		Release R25|Any CPU = Release R25|Any CPU
		Release|Any CPU = Release|Any CPU
	EndGlobalSection
	GlobalSection(ProjectConfigurationPlatforms) = postSolution
		{61DB4874-0E81-4C04-8A96-C2903126DDAB}.Debug R20|Any CPU.ActiveCfg = Debug|Any CPU
		{61DB4874-0E81-4C04-8A96-C2903126DDAB}.Debug R21|Any CPU.ActiveCfg = Debug|Any CPU
		{61DB4874-0E81-4C04-8A96-C2903126DDAB}.Debug R22|Any CPU.ActiveCfg = Debug|Any CPU
		{61DB4874-0E81-4C04-8A96-C2903126DDAB}.Debug R23|Any CPU.ActiveCfg = Debug|Any CPU
		{61DB4874-0E81-4C04-8A96-C2903126DDAB}.Debug R24|Any CPU.ActiveCfg = Debug|Any CPU
		{61DB4874-0E81-4C04-8A96-C2903126DDAB}.Debug R25|Any CPU.ActiveCfg = Debug|Any CPU
		{61DB4874-0E81-4C04-8A96-C2903126DDAB}.Debug|Any CPU.ActiveCfg = Debug|Any CPU
		{61DB4874-0E81-4C04-8A96-C2903126DDAB}.Debug|Any CPU.Build.0 = Debug|Any CPU
		{61DB4874-0E81-4C04-8A96-C2903126DDAB}.Installer|Any CPU.ActiveCfg = Release|Any CPU
		{61DB4874-0E81-4C04-8A96-C2903126DDAB}.Release R20|Any CPU.ActiveCfg = Release|Any CPU
		{61DB4874-0E81-4C04-8A96-C2903126DDAB}.Release R21|Any CPU.ActiveCfg = Release|Any CPU
		{61DB4874-0E81-4C04-8A96-C2903126DDAB}.Release R22|Any CPU.ActiveCfg = Release|Any CPU
		{61DB4874-0E81-4C04-8A96-C2903126DDAB}.Release R23|Any CPU.ActiveCfg = Release|Any CPU
		{61DB4874-0E81-4C04-8A96-C2903126DDAB}.Release R24|Any CPU.ActiveCfg = Release|Any CPU
		{61DB4874-0E81-4C04-8A96-C2903126DDAB}.Release R25|Any CPU.ActiveCfg = Release|Any CPU
		{61DB4874-0E81-4C04-8A96-C2903126DDAB}.Release|Any CPU.ActiveCfg = Release|Any CPU
		{61DB4874-0E81-4C04-8A96-C2903126DDAB}.Release|Any CPU.Build.0 = Release|Any CPU
		{DBDEAF22-8549-4B24-990F-2885902E4676}.Debug R20|Any CPU.ActiveCfg = Debug|Any CPU
		{DBDEAF22-8549-4B24-990F-2885902E4676}.Debug R21|Any CPU.ActiveCfg = Debug|Any CPU
		{DBDEAF22-8549-4B24-990F-2885902E4676}.Debug R22|Any CPU.ActiveCfg = Debug|Any CPU
		{DBDEAF22-8549-4B24-990F-2885902E4676}.Debug R23|Any CPU.ActiveCfg = Debug|Any CPU
		{DBDEAF22-8549-4B24-990F-2885902E4676}.Debug R24|Any CPU.ActiveCfg = Debug|Any CPU
		{DBDEAF22-8549-4B24-990F-2885902E4676}.Debug R25|Any CPU.ActiveCfg = Debug|Any CPU
		{DBDEAF22-8549-4B24-990F-2885902E4676}.Debug|Any CPU.ActiveCfg = Debug|Any CPU
		{DBDEAF22-8549-4B24-990F-2885902E4676}.Debug|Any CPU.Build.0 = Debug|Any CPU
		{DBDEAF22-8549-4B24-990F-2885902E4676}.Installer|Any CPU.ActiveCfg = Release|Any CPU
		{DBDEAF22-8549-4B24-990F-2885902E4676}.Installer|Any CPU.Build.0 = Release|Any CPU
		{DBDEAF22-8549-4B24-990F-2885902E4676}.Release R20|Any CPU.ActiveCfg = Release|Any CPU
		{DBDEAF22-8549-4B24-990F-2885902E4676}.Release R21|Any CPU.ActiveCfg = Release|Any CPU
		{DBDEAF22-8549-4B24-990F-2885902E4676}.Release R22|Any CPU.ActiveCfg = Release|Any CPU
		{DBDEAF22-8549-4B24-990F-2885902E4676}.Release R23|Any CPU.ActiveCfg = Release|Any CPU
		{DBDEAF22-8549-4B24-990F-2885902E4676}.Release R24|Any CPU.ActiveCfg = Release|Any CPU
		{DBDEAF22-8549-4B24-990F-2885902E4676}.Release R25|Any CPU.ActiveCfg = Release|Any CPU
		{DBDEAF22-8549-4B24-990F-2885902E4676}.Release|Any CPU.ActiveCfg = Release|Any CPU
		{DBDEAF22-8549-4B24-990F-2885902E4676}.Release|Any CPU.Build.0 = Release|Any CPU
		{E0915DBF-C34F-45CE-B550-D760F4501023}.Debug R20|Any CPU.ActiveCfg = Debug R20|Any CPU
		{E0915DBF-C34F-45CE-B550-D760F4501023}.Debug R20|Any CPU.Build.0 = Debug R20|Any CPU
		{E0915DBF-C34F-45CE-B550-D760F4501023}.Debug R21|Any CPU.ActiveCfg = Debug R21|Any CPU
		{E0915DBF-C34F-45CE-B550-D760F4501023}.Debug R21|Any CPU.Build.0 = Debug R21|Any CPU
		{E0915DBF-C34F-45CE-B550-D760F4501023}.Debug R22|Any CPU.ActiveCfg = Debug R22|Any CPU
		{E0915DBF-C34F-45CE-B550-D760F4501023}.Debug R22|Any CPU.Build.0 = Debug R22|Any CPU
		{E0915DBF-C34F-45CE-B550-D760F4501023}.Debug R23|Any CPU.ActiveCfg = Debug R23|Any CPU
		{E0915DBF-C34F-45CE-B550-D760F4501023}.Debug R23|Any CPU.Build.0 = Debug R23|Any CPU
		{E0915DBF-C34F-45CE-B550-D760F4501023}.Debug R24|Any CPU.ActiveCfg = Debug R24|Any CPU
		{E0915DBF-C34F-45CE-B550-D760F4501023}.Debug R24|Any CPU.Build.0 = Debug R24|Any CPU
		{E0915DBF-C34F-45CE-B550-D760F4501023}.Debug R25|Any CPU.ActiveCfg = Debug R25|Any CPU
		{E0915DBF-C34F-45CE-B550-D760F4501023}.Debug R25|Any CPU.Build.0 = Debug R25|Any CPU
		{E0915DBF-C34F-45CE-B550-D760F4501023}.Debug|Any CPU.ActiveCfg = Debug R20|Any CPU
		{E0915DBF-C34F-45CE-B550-D760F4501023}.Debug|Any CPU.Build.0 = Debug R20|Any CPU
		{E0915DBF-C34F-45CE-B550-D760F4501023}.Installer|Any CPU.ActiveCfg = Debug R20|Any CPU
		{E0915DBF-C34F-45CE-B550-D760F4501023}.Installer|Any CPU.Build.0 = Debug R20|Any CPU
		{E0915DBF-C34F-45CE-B550-D760F4501023}.Release R20|Any CPU.ActiveCfg = Release R20|Any CPU
		{E0915DBF-C34F-45CE-B550-D760F4501023}.Release R20|Any CPU.Build.0 = Release R20|Any CPU
		{E0915DBF-C34F-45CE-B550-D760F4501023}.Release R21|Any CPU.ActiveCfg = Release R21|Any CPU
		{E0915DBF-C34F-45CE-B550-D760F4501023}.Release R21|Any CPU.Build.0 = Release R21|Any CPU
		{E0915DBF-C34F-45CE-B550-D760F4501023}.Release R22|Any CPU.ActiveCfg = Release R22|Any CPU
		{E0915DBF-C34F-45CE-B550-D760F4501023}.Release R22|Any CPU.Build.0 = Release R22|Any CPU
		{E0915DBF-C34F-45CE-B550-D760F4501023}.Release R23|Any CPU.ActiveCfg = Release R23|Any CPU
		{E0915DBF-C34F-45CE-B550-D760F4501023}.Release R23|Any CPU.Build.0 = Release R23|Any CPU
		{E0915DBF-C34F-45CE-B550-D760F4501023}.Release R24|Any CPU.ActiveCfg = Release R24|Any CPU
		{E0915DBF-C34F-45CE-B550-D760F4501023}.Release R24|Any CPU.Build.0 = Release R24|Any CPU
		{E0915DBF-C34F-45CE-B550-D760F4501023}.Release R25|Any CPU.ActiveCfg = Release R25|Any CPU
		{E0915DBF-C34F-45CE-B550-D760F4501023}.Release R25|Any CPU.Build.0 = Release R25|Any CPU
		{E0915DBF-C34F-45CE-B550-D760F4501023}.Release|Any CPU.ActiveCfg = Release R20|Any CPU
		{E0915DBF-C34F-45CE-B550-D760F4501023}.Release|Any CPU.Build.0 = Release R20|Any CPU
		{6AF1CD42-4C21-4840-9582-899EEA435CE1}.Debug R20|Any CPU.ActiveCfg = Debug R20|Any CPU
		{6AF1CD42-4C21-4840-9582-899EEA435CE1}.Debug R20|Any CPU.Build.0 = Debug R20|Any CPU
		{6AF1CD42-4C21-4840-9582-899EEA435CE1}.Debug R21|Any CPU.ActiveCfg = Debug R21|Any CPU
		{6AF1CD42-4C21-4840-9582-899EEA435CE1}.Debug R21|Any CPU.Build.0 = Debug R21|Any CPU
		{6AF1CD42-4C21-4840-9582-899EEA435CE1}.Debug R22|Any CPU.ActiveCfg = Debug R22|Any CPU
		{6AF1CD42-4C21-4840-9582-899EEA435CE1}.Debug R22|Any CPU.Build.0 = Debug R22|Any CPU
		{6AF1CD42-4C21-4840-9582-899EEA435CE1}.Debug R23|Any CPU.ActiveCfg = Debug R23|Any CPU
		{6AF1CD42-4C21-4840-9582-899EEA435CE1}.Debug R23|Any CPU.Build.0 = Debug R23|Any CPU
		{6AF1CD42-4C21-4840-9582-899EEA435CE1}.Debug R24|Any CPU.ActiveCfg = Debug R24|Any CPU
		{6AF1CD42-4C21-4840-9582-899EEA435CE1}.Debug R24|Any CPU.Build.0 = Debug R24|Any CPU
		{6AF1CD42-4C21-4840-9582-899EEA435CE1}.Debug R25|Any CPU.ActiveCfg = Debug R25|Any CPU
		{6AF1CD42-4C21-4840-9582-899EEA435CE1}.Debug R25|Any CPU.Build.0 = Debug R25|Any CPU
		{6AF1CD42-4C21-4840-9582-899EEA435CE1}.Debug|Any CPU.ActiveCfg = Debug R20|Any CPU
		{6AF1CD42-4C21-4840-9582-899EEA435CE1}.Debug|Any CPU.Build.0 = Debug R20|Any CPU
		{6AF1CD42-4C21-4840-9582-899EEA435CE1}.Installer|Any CPU.ActiveCfg = Debug R20|Any CPU
		{6AF1CD42-4C21-4840-9582-899EEA435CE1}.Installer|Any CPU.Build.0 = Debug R20|Any CPU
		{6AF1CD42-4C21-4840-9582-899EEA435CE1}.Release R20|Any CPU.ActiveCfg = Release R20|Any CPU
		{6AF1CD42-4C21-4840-9582-899EEA435CE1}.Release R20|Any CPU.Build.0 = Release R20|Any CPU
		{6AF1CD42-4C21-4840-9582-899EEA435CE1}.Release R21|Any CPU.ActiveCfg = Release R21|Any CPU
		{6AF1CD42-4C21-4840-9582-899EEA435CE1}.Release R21|Any CPU.Build.0 = Release R21|Any CPU
		{6AF1CD42-4C21-4840-9582-899EEA435CE1}.Release R22|Any CPU.ActiveCfg = Release R22|Any CPU
		{6AF1CD42-4C21-4840-9582-899EEA435CE1}.Release R22|Any CPU.Build.0 = Release R22|Any CPU
		{6AF1CD42-4C21-4840-9582-899EEA435CE1}.Release R23|Any CPU.ActiveCfg = Release R23|Any CPU
		{6AF1CD42-4C21-4840-9582-899EEA435CE1}.Release R23|Any CPU.Build.0 = Release R23|Any CPU
		{6AF1CD42-4C21-4840-9582-899EEA435CE1}.Release R24|Any CPU.ActiveCfg = Release R24|Any CPU
		{6AF1CD42-4C21-4840-9582-899EEA435CE1}.Release R24|Any CPU.Build.0 = Release R24|Any CPU
		{6AF1CD42-4C21-4840-9582-899EEA435CE1}.Release R25|Any CPU.ActiveCfg = Release R25|Any CPU
		{6AF1CD42-4C21-4840-9582-899EEA435CE1}.Release R25|Any CPU.Build.0 = Release R25|Any CPU
		{6AF1CD42-4C21-4840-9582-899EEA435CE1}.Release|Any CPU.ActiveCfg = Release R20|Any CPU
		{6AF1CD42-4C21-4840-9582-899EEA435CE1}.Release|Any CPU.Build.0 = Release R20|Any CPU
		{434144DA-D7A4-4499-9D8B-BF24AD9FEFFF}.Debug R20|Any CPU.ActiveCfg = Debug R20|Any CPU
		{434144DA-D7A4-4499-9D8B-BF24AD9FEFFF}.Debug R20|Any CPU.Build.0 = Debug R20|Any CPU
		{434144DA-D7A4-4499-9D8B-BF24AD9FEFFF}.Debug R21|Any CPU.ActiveCfg = Debug R21|Any CPU
		{434144DA-D7A4-4499-9D8B-BF24AD9FEFFF}.Debug R21|Any CPU.Build.0 = Debug R21|Any CPU
		{434144DA-D7A4-4499-9D8B-BF24AD9FEFFF}.Debug R22|Any CPU.ActiveCfg = Debug R22|Any CPU
		{434144DA-D7A4-4499-9D8B-BF24AD9FEFFF}.Debug R22|Any CPU.Build.0 = Debug R22|Any CPU
		{434144DA-D7A4-4499-9D8B-BF24AD9FEFFF}.Debug R23|Any CPU.ActiveCfg = Debug R23|Any CPU
		{434144DA-D7A4-4499-9D8B-BF24AD9FEFFF}.Debug R23|Any CPU.Build.0 = Debug R23|Any CPU
		{434144DA-D7A4-4499-9D8B-BF24AD9FEFFF}.Debug R24|Any CPU.ActiveCfg = Debug R24|Any CPU
		{434144DA-D7A4-4499-9D8B-BF24AD9FEFFF}.Debug R24|Any CPU.Build.0 = Debug R24|Any CPU
		{434144DA-D7A4-4499-9D8B-BF24AD9FEFFF}.Debug R25|Any CPU.ActiveCfg = Debug R25|Any CPU
		{434144DA-D7A4-4499-9D8B-BF24AD9FEFFF}.Debug R25|Any CPU.Build.0 = Debug R25|Any CPU
		{434144DA-D7A4-4499-9D8B-BF24AD9FEFFF}.Debug|Any CPU.ActiveCfg = Debug R20|Any CPU
		{434144DA-D7A4-4499-9D8B-BF24AD9FEFFF}.Debug|Any CPU.Build.0 = Debug R20|Any CPU
		{434144DA-D7A4-4499-9D8B-BF24AD9FEFFF}.Installer|Any CPU.ActiveCfg = Debug R20|Any CPU
		{434144DA-D7A4-4499-9D8B-BF24AD9FEFFF}.Installer|Any CPU.Build.0 = Debug R20|Any CPU
		{434144DA-D7A4-4499-9D8B-BF24AD9FEFFF}.Release R20|Any CPU.ActiveCfg = Release R20|Any CPU
		{434144DA-D7A4-4499-9D8B-BF24AD9FEFFF}.Release R20|Any CPU.Build.0 = Release R20|Any CPU
		{434144DA-D7A4-4499-9D8B-BF24AD9FEFFF}.Release R21|Any CPU.ActiveCfg = Release R21|Any CPU
		{434144DA-D7A4-4499-9D8B-BF24AD9FEFFF}.Release R21|Any CPU.Build.0 = Release R21|Any CPU
		{434144DA-D7A4-4499-9D8B-BF24AD9FEFFF}.Release R22|Any CPU.ActiveCfg = Release R22|Any CPU
		{434144DA-D7A4-4499-9D8B-BF24AD9FEFFF}.Release R22|Any CPU.Build.0 = Release R22|Any CPU
		{434144DA-D7A4-4499-9D8B-BF24AD9FEFFF}.Release R23|Any CPU.ActiveCfg = Release R23|Any CPU
		{434144DA-D7A4-4499-9D8B-BF24AD9FEFFF}.Release R23|Any CPU.Build.0 = Release R23|Any CPU
		{434144DA-D7A4-4499-9D8B-BF24AD9FEFFF}.Release R24|Any CPU.ActiveCfg = Release R24|Any CPU
		{434144DA-D7A4-4499-9D8B-BF24AD9FEFFF}.Release R24|Any CPU.Build.0 = Release R24|Any CPU
		{434144DA-D7A4-4499-9D8B-BF24AD9FEFFF}.Release R25|Any CPU.ActiveCfg = Release R25|Any CPU
		{434144DA-D7A4-4499-9D8B-BF24AD9FEFFF}.Release R25|Any CPU.Build.0 = Release R25|Any CPU
		{434144DA-D7A4-4499-9D8B-BF24AD9FEFFF}.Release|Any CPU.ActiveCfg = Release R20|Any CPU
		{434144DA-D7A4-4499-9D8B-BF24AD9FEFFF}.Release|Any CPU.Build.0 = Release R20|Any CPU
	EndGlobalSection
	GlobalSection(SolutionProperties) = preSolution
		HideSolutionNode = FALSE
	EndGlobalSection
EndGlobal
